
Microsoft Visual Studio Solution File, Format Version 12.00
# Visual Studio 14
VisualStudioVersion = 14.0.25420.1
MinimumVisualStudioVersion = 10.0.40219.1
Project("{FAE04EC0-301F-11D3-BF4B-00C04F79EFBC}") = "Atos.Client", "Atos.Client\Atos.Client.csproj", "{CF3BBBBD-5F7A-47B5-A5A5-71EB0EC6AD84}"
EndProject
Project("{FAE04EC0-301F-11D3-BF4B-00C04F79EFBC}") = "ConsoleClient", "ConsoleClient\ConsoleClient.csproj", "{0A39F071-B190-4087-8CD4-F7F54E9C3527}"
EndProject
Project("{FAE04EC0-301F-11D3-BF4B-00C04F79EFBC}") = "Atos.Server", "Atos.Server\Atos.Server.csproj", "{7611601A-80E1-43FA-ADE0-4F25245DA724}"
EndProject
Project("{FAE04EC0-301F-11D3-BF4B-00C04F79EFBC}") = "Atos.iFSA", "Atos.iFSA\Atos.iFSA.csproj", "{41397028-0B7B-4EF3-92AB-C6E617CAEC5B}"
EndProject
Project("{FAE04EC0-301F-11D3-BF4B-00C04F79EFBC}") = "Atos.iFSA.UI", "Atos.iFSA.UI\Atos.iFSA.UI.csproj", "{1571C115-6CB5-4DAF-A0E2-16E0EC3B66EA}"
EndProject
Project("{FAE04EC0-301F-11D3-BF4B-00C04F79EFBC}") = "Atos.iFSA.Objects", "Atos.iFSA.Objects\Atos.iFSA.Objects.csproj", "{D1FBED0C-02C9-4344-AE1F-BD4C85FB96C2}"
EndProject
Project("{FAE04EC0-301F-11D3-BF4B-00C04F79EFBC}") = "Atos.iFSA.Data", "Atos.iFSA.Data\Atos.iFSA.Data.csproj", "{7DC2E5E6-18E5-47D5-B63A-BF21464A411F}"
EndProject
Project("{FAE04EC0-301F-11D3-BF4B-00C04F79EFBC}") = "Atos.Client.PlanningTool", "Atos.Client.PlanningTool\Atos.Client.PlanningTool.csproj", "{0C64949F-B5F7-4D5C-B520-8066562855E8}"
EndProject
Global
	GlobalSection(SolutionConfigurationPlatforms) = preSolution
		Debug|Any CPU = Debug|Any CPU
		Debug|ARM = Debug|ARM
		Debug|x64 = Debug|x64
		Debug|x86 = Debug|x86
		Release|Any CPU = Release|Any CPU
		Release|ARM = Release|ARM
		Release|x64 = Release|x64
		Release|x86 = Release|x86
	EndGlobalSection
	GlobalSection(ProjectConfigurationPlatforms) = postSolution
		{CF3BBBBD-5F7A-47B5-A5A5-71EB0EC6AD84}.Debug|Any CPU.ActiveCfg = Debug|Any CPU
		{CF3BBBBD-5F7A-47B5-A5A5-71EB0EC6AD84}.Debug|Any CPU.Build.0 = Debug|Any CPU
		{CF3BBBBD-5F7A-47B5-A5A5-71EB0EC6AD84}.Debug|ARM.ActiveCfg = Debug|Any CPU
		{CF3BBBBD-5F7A-47B5-A5A5-71EB0EC6AD84}.Debug|ARM.Build.0 = Debug|Any CPU
		{CF3BBBBD-5F7A-47B5-A5A5-71EB0EC6AD84}.Debug|x64.ActiveCfg = Debug|Any CPU
		{CF3BBBBD-5F7A-47B5-A5A5-71EB0EC6AD84}.Debug|x64.Build.0 = Debug|Any CPU
		{CF3BBBBD-5F7A-47B5-A5A5-71EB0EC6AD84}.Debug|x86.ActiveCfg = Debug|Any CPU
		{CF3BBBBD-5F7A-47B5-A5A5-71EB0EC6AD84}.Debug|x86.Build.0 = Debug|Any CPU
		{CF3BBBBD-5F7A-47B5-A5A5-71EB0EC6AD84}.Release|Any CPU.ActiveCfg = Release|Any CPU
		{CF3BBBBD-5F7A-47B5-A5A5-71EB0EC6AD84}.Release|Any CPU.Build.0 = Release|Any CPU
		{CF3BBBBD-5F7A-47B5-A5A5-71EB0EC6AD84}.Release|ARM.ActiveCfg = Release|Any CPU
		{CF3BBBBD-5F7A-47B5-A5A5-71EB0EC6AD84}.Release|ARM.Build.0 = Release|Any CPU
		{CF3BBBBD-5F7A-47B5-A5A5-71EB0EC6AD84}.Release|x64.ActiveCfg = Release|Any CPU
		{CF3BBBBD-5F7A-47B5-A5A5-71EB0EC6AD84}.Release|x64.Build.0 = Release|Any CPU
		{CF3BBBBD-5F7A-47B5-A5A5-71EB0EC6AD84}.Release|x86.ActiveCfg = Release|Any CPU
		{CF3BBBBD-5F7A-47B5-A5A5-71EB0EC6AD84}.Release|x86.Build.0 = Release|Any CPU
		{0A39F071-B190-4087-8CD4-F7F54E9C3527}.Debug|Any CPU.ActiveCfg = Debug|Any CPU
		{0A39F071-B190-4087-8CD4-F7F54E9C3527}.Debug|Any CPU.Build.0 = Debug|Any CPU
		{0A39F071-B190-4087-8CD4-F7F54E9C3527}.Debug|ARM.ActiveCfg = Debug|Any CPU
		{0A39F071-B190-4087-8CD4-F7F54E9C3527}.Debug|ARM.Build.0 = Debug|Any CPU
		{0A39F071-B190-4087-8CD4-F7F54E9C3527}.Debug|x64.ActiveCfg = Debug|Any CPU
		{0A39F071-B190-4087-8CD4-F7F54E9C3527}.Debug|x64.Build.0 = Debug|Any CPU
		{0A39F071-B190-4087-8CD4-F7F54E9C3527}.Debug|x86.ActiveCfg = Debug|Any CPU
		{0A39F071-B190-4087-8CD4-F7F54E9C3527}.Debug|x86.Build.0 = Debug|Any CPU
		{0A39F071-B190-4087-8CD4-F7F54E9C3527}.Release|Any CPU.ActiveCfg = Release|Any CPU
		{0A39F071-B190-4087-8CD4-F7F54E9C3527}.Release|Any CPU.Build.0 = Release|Any CPU
		{0A39F071-B190-4087-8CD4-F7F54E9C3527}.Release|ARM.ActiveCfg = Release|Any CPU
		{0A39F071-B190-4087-8CD4-F7F54E9C3527}.Release|ARM.Build.0 = Release|Any CPU
		{0A39F071-B190-4087-8CD4-F7F54E9C3527}.Release|x64.ActiveCfg = Release|Any CPU
		{0A39F071-B190-4087-8CD4-F7F54E9C3527}.Release|x64.Build.0 = Release|Any CPU
		{0A39F071-B190-4087-8CD4-F7F54E9C3527}.Release|x86.ActiveCfg = Release|Any CPU
		{0A39F071-B190-4087-8CD4-F7F54E9C3527}.Release|x86.Build.0 = Release|Any CPU
		{7611601A-80E1-43FA-ADE0-4F25245DA724}.Debug|Any CPU.ActiveCfg = Debug|Any CPU
		{7611601A-80E1-43FA-ADE0-4F25245DA724}.Debug|Any CPU.Build.0 = Debug|Any CPU
		{7611601A-80E1-43FA-ADE0-4F25245DA724}.Debug|ARM.ActiveCfg = Debug|Any CPU
		{7611601A-80E1-43FA-ADE0-4F25245DA724}.Debug|ARM.Build.0 = Debug|Any CPU
		{7611601A-80E1-43FA-ADE0-4F25245DA724}.Debug|x64.ActiveCfg = Debug|Any CPU
		{7611601A-80E1-43FA-ADE0-4F25245DA724}.Debug|x64.Build.0 = Debug|Any CPU
		{7611601A-80E1-43FA-ADE0-4F25245DA724}.Debug|x86.ActiveCfg = Debug|Any CPU
		{7611601A-80E1-43FA-ADE0-4F25245DA724}.Debug|x86.Build.0 = Debug|Any CPU
		{7611601A-80E1-43FA-ADE0-4F25245DA724}.Release|Any CPU.ActiveCfg = Release|Any CPU
		{7611601A-80E1-43FA-ADE0-4F25245DA724}.Release|Any CPU.Build.0 = Release|Any CPU
		{7611601A-80E1-43FA-ADE0-4F25245DA724}.Release|ARM.ActiveCfg = Release|Any CPU
		{7611601A-80E1-43FA-ADE0-4F25245DA724}.Release|ARM.Build.0 = Release|Any CPU
		{7611601A-80E1-43FA-ADE0-4F25245DA724}.Release|x64.ActiveCfg = Release|Any CPU
		{7611601A-80E1-43FA-ADE0-4F25245DA724}.Release|x64.Build.0 = Release|Any CPU
		{7611601A-80E1-43FA-ADE0-4F25245DA724}.Release|x86.ActiveCfg = Release|Any CPU
		{7611601A-80E1-43FA-ADE0-4F25245DA724}.Release|x86.Build.0 = Release|Any CPU
		{41397028-0B7B-4EF3-92AB-C6E617CAEC5B}.Debug|Any CPU.ActiveCfg = Debug|Any CPU
		{41397028-0B7B-4EF3-92AB-C6E617CAEC5B}.Debug|Any CPU.Build.0 = Debug|Any CPU
		{41397028-0B7B-4EF3-92AB-C6E617CAEC5B}.Debug|ARM.ActiveCfg = Debug|Any CPU
		{41397028-0B7B-4EF3-92AB-C6E617CAEC5B}.Debug|ARM.Build.0 = Debug|Any CPU
		{41397028-0B7B-4EF3-92AB-C6E617CAEC5B}.Debug|x64.ActiveCfg = Debug|Any CPU
		{41397028-0B7B-4EF3-92AB-C6E617CAEC5B}.Debug|x64.Build.0 = Debug|Any CPU
		{41397028-0B7B-4EF3-92AB-C6E617CAEC5B}.Debug|x86.ActiveCfg = Debug|Any CPU
		{41397028-0B7B-4EF3-92AB-C6E617CAEC5B}.Debug|x86.Build.0 = Debug|Any CPU
		{41397028-0B7B-4EF3-92AB-C6E617CAEC5B}.Release|Any CPU.ActiveCfg = Release|Any CPU
		{41397028-0B7B-4EF3-92AB-C6E617CAEC5B}.Release|Any CPU.Build.0 = Release|Any CPU
		{41397028-0B7B-4EF3-92AB-C6E617CAEC5B}.Release|ARM.ActiveCfg = Release|Any CPU
		{41397028-0B7B-4EF3-92AB-C6E617CAEC5B}.Release|ARM.Build.0 = Release|Any CPU
		{41397028-0B7B-4EF3-92AB-C6E617CAEC5B}.Release|x64.ActiveCfg = Release|Any CPU
		{41397028-0B7B-4EF3-92AB-C6E617CAEC5B}.Release|x64.Build.0 = Release|Any CPU
		{41397028-0B7B-4EF3-92AB-C6E617CAEC5B}.Release|x86.ActiveCfg = Release|Any CPU
		{41397028-0B7B-4EF3-92AB-C6E617CAEC5B}.Release|x86.Build.0 = Release|Any CPU
		{1571C115-6CB5-4DAF-A0E2-16E0EC3B66EA}.Debug|Any CPU.ActiveCfg = Debug|x86
		{1571C115-6CB5-4DAF-A0E2-16E0EC3B66EA}.Debug|Any CPU.Build.0 = Debug|x86
		{1571C115-6CB5-4DAF-A0E2-16E0EC3B66EA}.Debug|Any CPU.Deploy.0 = Debug|x86
		{1571C115-6CB5-4DAF-A0E2-16E0EC3B66EA}.Debug|ARM.ActiveCfg = Debug|ARM
		{1571C115-6CB5-4DAF-A0E2-16E0EC3B66EA}.Debug|ARM.Build.0 = Debug|ARM
		{1571C115-6CB5-4DAF-A0E2-16E0EC3B66EA}.Debug|ARM.Deploy.0 = Debug|ARM
		{1571C115-6CB5-4DAF-A0E2-16E0EC3B66EA}.Debug|x64.ActiveCfg = Debug|x64
		{1571C115-6CB5-4DAF-A0E2-16E0EC3B66EA}.Debug|x64.Build.0 = Debug|x64
		{1571C115-6CB5-4DAF-A0E2-16E0EC3B66EA}.Debug|x64.Deploy.0 = Debug|x64
		{1571C115-6CB5-4DAF-A0E2-16E0EC3B66EA}.Debug|x86.ActiveCfg = Debug|x86
		{1571C115-6CB5-4DAF-A0E2-16E0EC3B66EA}.Debug|x86.Build.0 = Debug|x86
		{1571C115-6CB5-4DAF-A0E2-16E0EC3B66EA}.Debug|x86.Deploy.0 = Debug|x86
		{1571C115-6CB5-4DAF-A0E2-16E0EC3B66EA}.Release|Any CPU.ActiveCfg = Release|x86
		{1571C115-6CB5-4DAF-A0E2-16E0EC3B66EA}.Release|Any CPU.Build.0 = Release|x86
		{1571C115-6CB5-4DAF-A0E2-16E0EC3B66EA}.Release|Any CPU.Deploy.0 = Release|x86
		{1571C115-6CB5-4DAF-A0E2-16E0EC3B66EA}.Release|ARM.ActiveCfg = Release|ARM
		{1571C115-6CB5-4DAF-A0E2-16E0EC3B66EA}.Release|ARM.Build.0 = Release|ARM
		{1571C115-6CB5-4DAF-A0E2-16E0EC3B66EA}.Release|ARM.Deploy.0 = Release|ARM
		{1571C115-6CB5-4DAF-A0E2-16E0EC3B66EA}.Release|x64.ActiveCfg = Release|x64
		{1571C115-6CB5-4DAF-A0E2-16E0EC3B66EA}.Release|x64.Build.0 = Release|x64
		{1571C115-6CB5-4DAF-A0E2-16E0EC3B66EA}.Release|x64.Deploy.0 = Release|x64
		{1571C115-6CB5-4DAF-A0E2-16E0EC3B66EA}.Release|x86.ActiveCfg = Release|x86
		{1571C115-6CB5-4DAF-A0E2-16E0EC3B66EA}.Release|x86.Build.0 = Release|x86
		{1571C115-6CB5-4DAF-A0E2-16E0EC3B66EA}.Release|x86.Deploy.0 = Release|x86
		{D1FBED0C-02C9-4344-AE1F-BD4C85FB96C2}.Debug|Any CPU.ActiveCfg = Debug|Any CPU
		{D1FBED0C-02C9-4344-AE1F-BD4C85FB96C2}.Debug|Any CPU.Build.0 = Debug|Any CPU
		{D1FBED0C-02C9-4344-AE1F-BD4C85FB96C2}.Debug|ARM.ActiveCfg = Debug|Any CPU
		{D1FBED0C-02C9-4344-AE1F-BD4C85FB96C2}.Debug|ARM.Build.0 = Debug|Any CPU
		{D1FBED0C-02C9-4344-AE1F-BD4C85FB96C2}.Debug|x64.ActiveCfg = Debug|Any CPU
		{D1FBED0C-02C9-4344-AE1F-BD4C85FB96C2}.Debug|x64.Build.0 = Debug|Any CPU
		{D1FBED0C-02C9-4344-AE1F-BD4C85FB96C2}.Debug|x86.ActiveCfg = Debug|Any CPU
		{D1FBED0C-02C9-4344-AE1F-BD4C85FB96C2}.Debug|x86.Build.0 = Debug|Any CPU
		{D1FBED0C-02C9-4344-AE1F-BD4C85FB96C2}.Release|Any CPU.ActiveCfg = Release|Any CPU
		{D1FBED0C-02C9-4344-AE1F-BD4C85FB96C2}.Release|Any CPU.Build.0 = Release|Any CPU
		{D1FBED0C-02C9-4344-AE1F-BD4C85FB96C2}.Release|ARM.ActiveCfg = Release|Any CPU
		{D1FBED0C-02C9-4344-AE1F-BD4C85FB96C2}.Release|ARM.Build.0 = Release|Any CPU
		{D1FBED0C-02C9-4344-AE1F-BD4C85FB96C2}.Release|x64.ActiveCfg = Release|Any CPU
		{D1FBED0C-02C9-4344-AE1F-BD4C85FB96C2}.Release|x64.Build.0 = Release|Any CPU
		{D1FBED0C-02C9-4344-AE1F-BD4C85FB96C2}.Release|x86.ActiveCfg = Release|Any CPU
		{D1FBED0C-02C9-4344-AE1F-BD4C85FB96C2}.Release|x86.Build.0 = Release|Any CPU
		{7DC2E5E6-18E5-47D5-B63A-BF21464A411F}.Debug|Any CPU.ActiveCfg = Debug|Any CPU
		{7DC2E5E6-18E5-47D5-B63A-BF21464A411F}.Debug|Any CPU.Build.0 = Debug|Any CPU
		{7DC2E5E6-18E5-47D5-B63A-BF21464A411F}.Debug|ARM.ActiveCfg = Debug|Any CPU
		{7DC2E5E6-18E5-47D5-B63A-BF21464A411F}.Debug|ARM.Build.0 = Debug|Any CPU
		{7DC2E5E6-18E5-47D5-B63A-BF21464A411F}.Debug|x64.ActiveCfg = Debug|Any CPU
		{7DC2E5E6-18E5-47D5-B63A-BF21464A411F}.Debug|x64.Build.0 = Debug|Any CPU
		{7DC2E5E6-18E5-47D5-B63A-BF21464A411F}.Debug|x86.ActiveCfg = Debug|Any CPU
		{7DC2E5E6-18E5-47D5-B63A-BF21464A411F}.Debug|x86.Build.0 = Debug|Any CPU
		{7DC2E5E6-18E5-47D5-B63A-BF21464A411F}.Release|Any CPU.ActiveCfg = Release|Any CPU
		{7DC2E5E6-18E5-47D5-B63A-BF21464A411F}.Release|Any CPU.Build.0 = Release|Any CPU
		{7DC2E5E6-18E5-47D5-B63A-BF21464A411F}.Release|ARM.ActiveCfg = Release|Any CPU
		{7DC2E5E6-18E5-47D5-B63A-BF21464A411F}.Release|ARM.Build.0 = Release|Any CPU
		{7DC2E5E6-18E5-47D5-B63A-BF21464A411F}.Release|x64.ActiveCfg = Release|Any CPU
		{7DC2E5E6-18E5-47D5-B63A-BF21464A411F}.Release|x64.Build.0 = Release|Any CPU
		{7DC2E5E6-18E5-47D5-B63A-BF21464A411F}.Release|x86.ActiveCfg = Release|Any CPU
		{7DC2E5E6-18E5-47D5-B63A-BF21464A411F}.Release|x86.Build.0 = Release|Any CPU
		{0C64949F-B5F7-4D5C-B520-8066562855E8}.Debug|Any CPU.ActiveCfg = Debug|Any CPU
		{0C64949F-B5F7-4D5C-B520-8066562855E8}.Debug|Any CPU.Build.0 = Debug|Any CPU
		{0C64949F-B5F7-4D5C-B520-8066562855E8}.Debug|ARM.ActiveCfg = Debug|Any CPU
		{0C64949F-B5F7-4D5C-B520-8066562855E8}.Debug|ARM.Build.0 = Debug|Any CPU
		{0C64949F-B5F7-4D5C-B520-8066562855E8}.Debug|x64.ActiveCfg = Debug|Any CPU
		{0C64949F-B5F7-4D5C-B520-8066562855E8}.Debug|x64.Build.0 = Debug|Any CPU
		{0C64949F-B5F7-4D5C-B520-8066562855E8}.Debug|x86.ActiveCfg = Debug|Any CPU
		{0C64949F-B5F7-4D5C-B520-8066562855E8}.Debug|x86.Build.0 = Debug|Any CPU
		{0C64949F-B5F7-4D5C-B520-8066562855E8}.Release|Any CPU.ActiveCfg = Release|Any CPU
		{0C64949F-B5F7-4D5C-B520-8066562855E8}.Release|Any CPU.Build.0 = Release|Any CPU
		{0C64949F-B5F7-4D5C-B520-8066562855E8}.Release|ARM.ActiveCfg = Release|Any CPU
		{0C64949F-B5F7-4D5C-B520-8066562855E8}.Release|ARM.Build.0 = Release|Any CPU
		{0C64949F-B5F7-4D5C-B520-8066562855E8}.Release|x64.ActiveCfg = Release|Any CPU
		{0C64949F-B5F7-4D5C-B520-8066562855E8}.Release|x64.Build.0 = Release|Any CPU
		{0C64949F-B5F7-4D5C-B520-8066562855E8}.Release|x86.ActiveCfg = Release|Any CPU
		{0C64949F-B5F7-4D5C-B520-8066562855E8}.Release|x86.Build.0 = Release|Any CPU
	EndGlobalSection
	GlobalSection(SolutionProperties) = preSolution
		HideSolutionNode = FALSE
	EndGlobalSection
EndGlobal
