
Microsoft Visual Studio Solution File, Format Version 12.00
# Visual Studio 14
VisualStudioVersion = 14.0.25420.1
MinimumVisualStudioVersion = 10.0.40219.1
Project("{FAE04EC0-301F-11D3-BF4B-00C04F79EFBC}") = "Cchbc", "Cchbc\Cchbc.csproj", "{CF3BBBBD-5F7A-47B5-A5A5-71EB0EC6AD84}"
EndProject
Project("{FAE04EC0-301F-11D3-BF4B-00C04F79EFBC}") = "ConsoleClient", "ConsoleClient\ConsoleClient.csproj", "{0A39F071-B190-4087-8CD4-F7F54E9C3527}"
EndProject
Project("{FAE04EC0-301F-11D3-BF4B-00C04F79EFBC}") = "Cchbc.AppBuilder.UI", "Cchbc.AppBuilder.UI\Cchbc.AppBuilder.UI.csproj", "{D0AA39B4-4E8E-4C1B-8D98-728E7F3E6DA0}"
EndProject
Project("{FAE04EC0-301F-11D3-BF4B-00C04F79EFBC}") = "Cchbc.AppBuilder", "Cchbc.AppBuilder\Cchbc.AppBuilder.csproj", "{C925111E-12CE-4D75-93F8-348C5FD44EFD}"
EndProject
Project("{FAE04EC0-301F-11D3-BF4B-00C04F79EFBC}") = "Cchbc.Features", "Cchbc.Features\Cchbc.Features.csproj", "{7611601A-80E1-43FA-ADE0-4F25245DA724}"
EndProject
Project("{FAE04EC0-301F-11D3-BF4B-00C04F79EFBC}") = "Cchbc.Features.DashboardUI", "Cchbc.Features.DashboardUI\Cchbc.Features.DashboardUI.csproj", "{3763062F-B096-4304-8F1E-147081C92BE9}"
EndProject
Project("{FAE04EC0-301F-11D3-BF4B-00C04F79EFBC}") = "iFSA", "Cchbc.iFSA\iFSA.csproj", "{41397028-0B7B-4EF3-92AB-C6E617CAEC5B}"
EndProject
Global
	GlobalSection(SolutionConfigurationPlatforms) = preSolution
		Debug|Any CPU = Debug|Any CPU
		Debug|ARM = Debug|ARM
		Debug|x64 = Debug|x64
		Debug|x86 = Debug|x86
		Release|Any CPU = Release|Any CPU
		Release|ARM = Release|ARM
		Release|x64 = Release|x64
		Release|x86 = Release|x86
	EndGlobalSection
	GlobalSection(ProjectConfigurationPlatforms) = postSolution
		{CF3BBBBD-5F7A-47B5-A5A5-71EB0EC6AD84}.Debug|Any CPU.ActiveCfg = Debug|Any CPU
		{CF3BBBBD-5F7A-47B5-A5A5-71EB0EC6AD84}.Debug|Any CPU.Build.0 = Debug|Any CPU
		{CF3BBBBD-5F7A-47B5-A5A5-71EB0EC6AD84}.Debug|ARM.ActiveCfg = Debug|Any CPU
		{CF3BBBBD-5F7A-47B5-A5A5-71EB0EC6AD84}.Debug|ARM.Build.0 = Debug|Any CPU
		{CF3BBBBD-5F7A-47B5-A5A5-71EB0EC6AD84}.Debug|x64.ActiveCfg = Debug|Any CPU
		{CF3BBBBD-5F7A-47B5-A5A5-71EB0EC6AD84}.Debug|x64.Build.0 = Debug|Any CPU
		{CF3BBBBD-5F7A-47B5-A5A5-71EB0EC6AD84}.Debug|x86.ActiveCfg = Debug|Any CPU
		{CF3BBBBD-5F7A-47B5-A5A5-71EB0EC6AD84}.Debug|x86.Build.0 = Debug|Any CPU
		{CF3BBBBD-5F7A-47B5-A5A5-71EB0EC6AD84}.Release|Any CPU.ActiveCfg = Release|Any CPU
		{CF3BBBBD-5F7A-47B5-A5A5-71EB0EC6AD84}.Release|Any CPU.Build.0 = Release|Any CPU
		{CF3BBBBD-5F7A-47B5-A5A5-71EB0EC6AD84}.Release|ARM.ActiveCfg = Release|Any CPU
		{CF3BBBBD-5F7A-47B5-A5A5-71EB0EC6AD84}.Release|ARM.Build.0 = Release|Any CPU
		{CF3BBBBD-5F7A-47B5-A5A5-71EB0EC6AD84}.Release|x64.ActiveCfg = Release|Any CPU
		{CF3BBBBD-5F7A-47B5-A5A5-71EB0EC6AD84}.Release|x64.Build.0 = Release|Any CPU
		{CF3BBBBD-5F7A-47B5-A5A5-71EB0EC6AD84}.Release|x86.ActiveCfg = Release|Any CPU
		{CF3BBBBD-5F7A-47B5-A5A5-71EB0EC6AD84}.Release|x86.Build.0 = Release|Any CPU
		{0A39F071-B190-4087-8CD4-F7F54E9C3527}.Debug|Any CPU.ActiveCfg = Debug|Any CPU
		{0A39F071-B190-4087-8CD4-F7F54E9C3527}.Debug|Any CPU.Build.0 = Debug|Any CPU
		{0A39F071-B190-4087-8CD4-F7F54E9C3527}.Debug|ARM.ActiveCfg = Debug|Any CPU
		{0A39F071-B190-4087-8CD4-F7F54E9C3527}.Debug|ARM.Build.0 = Debug|Any CPU
		{0A39F071-B190-4087-8CD4-F7F54E9C3527}.Debug|x64.ActiveCfg = Debug|Any CPU
		{0A39F071-B190-4087-8CD4-F7F54E9C3527}.Debug|x64.Build.0 = Debug|Any CPU
		{0A39F071-B190-4087-8CD4-F7F54E9C3527}.Debug|x86.ActiveCfg = Debug|Any CPU
		{0A39F071-B190-4087-8CD4-F7F54E9C3527}.Debug|x86.Build.0 = Debug|Any CPU
		{0A39F071-B190-4087-8CD4-F7F54E9C3527}.Release|Any CPU.ActiveCfg = Release|Any CPU
		{0A39F071-B190-4087-8CD4-F7F54E9C3527}.Release|Any CPU.Build.0 = Release|Any CPU
		{0A39F071-B190-4087-8CD4-F7F54E9C3527}.Release|ARM.ActiveCfg = Release|Any CPU
		{0A39F071-B190-4087-8CD4-F7F54E9C3527}.Release|ARM.Build.0 = Release|Any CPU
		{0A39F071-B190-4087-8CD4-F7F54E9C3527}.Release|x64.ActiveCfg = Release|Any CPU
		{0A39F071-B190-4087-8CD4-F7F54E9C3527}.Release|x64.Build.0 = Release|Any CPU
		{0A39F071-B190-4087-8CD4-F7F54E9C3527}.Release|x86.ActiveCfg = Release|Any CPU
		{0A39F071-B190-4087-8CD4-F7F54E9C3527}.Release|x86.Build.0 = Release|Any CPU
		{D0AA39B4-4E8E-4C1B-8D98-728E7F3E6DA0}.Debug|Any CPU.ActiveCfg = Debug|x86
		{D0AA39B4-4E8E-4C1B-8D98-728E7F3E6DA0}.Debug|Any CPU.Build.0 = Debug|x86
		{D0AA39B4-4E8E-4C1B-8D98-728E7F3E6DA0}.Debug|Any CPU.Deploy.0 = Debug|x86
		{D0AA39B4-4E8E-4C1B-8D98-728E7F3E6DA0}.Debug|ARM.ActiveCfg = Debug|ARM
		{D0AA39B4-4E8E-4C1B-8D98-728E7F3E6DA0}.Debug|ARM.Build.0 = Debug|ARM
		{D0AA39B4-4E8E-4C1B-8D98-728E7F3E6DA0}.Debug|ARM.Deploy.0 = Debug|ARM
		{D0AA39B4-4E8E-4C1B-8D98-728E7F3E6DA0}.Debug|x64.ActiveCfg = Debug|x64
		{D0AA39B4-4E8E-4C1B-8D98-728E7F3E6DA0}.Debug|x64.Build.0 = Debug|x64
		{D0AA39B4-4E8E-4C1B-8D98-728E7F3E6DA0}.Debug|x64.Deploy.0 = Debug|x64
		{D0AA39B4-4E8E-4C1B-8D98-728E7F3E6DA0}.Debug|x86.ActiveCfg = Debug|x86
		{D0AA39B4-4E8E-4C1B-8D98-728E7F3E6DA0}.Debug|x86.Build.0 = Debug|x86
		{D0AA39B4-4E8E-4C1B-8D98-728E7F3E6DA0}.Debug|x86.Deploy.0 = Debug|x86
		{D0AA39B4-4E8E-4C1B-8D98-728E7F3E6DA0}.Release|Any CPU.ActiveCfg = Release|x86
		{D0AA39B4-4E8E-4C1B-8D98-728E7F3E6DA0}.Release|Any CPU.Build.0 = Release|x86
		{D0AA39B4-4E8E-4C1B-8D98-728E7F3E6DA0}.Release|Any CPU.Deploy.0 = Release|x86
		{D0AA39B4-4E8E-4C1B-8D98-728E7F3E6DA0}.Release|ARM.ActiveCfg = Release|ARM
		{D0AA39B4-4E8E-4C1B-8D98-728E7F3E6DA0}.Release|ARM.Build.0 = Release|ARM
		{D0AA39B4-4E8E-4C1B-8D98-728E7F3E6DA0}.Release|ARM.Deploy.0 = Release|ARM
		{D0AA39B4-4E8E-4C1B-8D98-728E7F3E6DA0}.Release|x64.ActiveCfg = Release|x64
		{D0AA39B4-4E8E-4C1B-8D98-728E7F3E6DA0}.Release|x64.Build.0 = Release|x64
		{D0AA39B4-4E8E-4C1B-8D98-728E7F3E6DA0}.Release|x64.Deploy.0 = Release|x64
		{D0AA39B4-4E8E-4C1B-8D98-728E7F3E6DA0}.Release|x86.ActiveCfg = Release|x86
		{D0AA39B4-4E8E-4C1B-8D98-728E7F3E6DA0}.Release|x86.Build.0 = Release|x86
		{D0AA39B4-4E8E-4C1B-8D98-728E7F3E6DA0}.Release|x86.Deploy.0 = Release|x86
		{C925111E-12CE-4D75-93F8-348C5FD44EFD}.Debug|Any CPU.ActiveCfg = Debug|Any CPU
		{C925111E-12CE-4D75-93F8-348C5FD44EFD}.Debug|Any CPU.Build.0 = Debug|Any CPU
		{C925111E-12CE-4D75-93F8-348C5FD44EFD}.Debug|ARM.ActiveCfg = Debug|Any CPU
		{C925111E-12CE-4D75-93F8-348C5FD44EFD}.Debug|ARM.Build.0 = Debug|Any CPU
		{C925111E-12CE-4D75-93F8-348C5FD44EFD}.Debug|x64.ActiveCfg = Debug|Any CPU
		{C925111E-12CE-4D75-93F8-348C5FD44EFD}.Debug|x64.Build.0 = Debug|Any CPU
		{C925111E-12CE-4D75-93F8-348C5FD44EFD}.Debug|x86.ActiveCfg = Debug|Any CPU
		{C925111E-12CE-4D75-93F8-348C5FD44EFD}.Debug|x86.Build.0 = Debug|Any CPU
		{C925111E-12CE-4D75-93F8-348C5FD44EFD}.Release|Any CPU.ActiveCfg = Release|Any CPU
		{C925111E-12CE-4D75-93F8-348C5FD44EFD}.Release|Any CPU.Build.0 = Release|Any CPU
		{C925111E-12CE-4D75-93F8-348C5FD44EFD}.Release|ARM.ActiveCfg = Release|Any CPU
		{C925111E-12CE-4D75-93F8-348C5FD44EFD}.Release|ARM.Build.0 = Release|Any CPU
		{C925111E-12CE-4D75-93F8-348C5FD44EFD}.Release|x64.ActiveCfg = Release|Any CPU
		{C925111E-12CE-4D75-93F8-348C5FD44EFD}.Release|x64.Build.0 = Release|Any CPU
		{C925111E-12CE-4D75-93F8-348C5FD44EFD}.Release|x86.ActiveCfg = Release|Any CPU
		{C925111E-12CE-4D75-93F8-348C5FD44EFD}.Release|x86.Build.0 = Release|Any CPU
		{7611601A-80E1-43FA-ADE0-4F25245DA724}.Debug|Any CPU.ActiveCfg = Debug|Any CPU
		{7611601A-80E1-43FA-ADE0-4F25245DA724}.Debug|Any CPU.Build.0 = Debug|Any CPU
		{7611601A-80E1-43FA-ADE0-4F25245DA724}.Debug|ARM.ActiveCfg = Debug|Any CPU
		{7611601A-80E1-43FA-ADE0-4F25245DA724}.Debug|ARM.Build.0 = Debug|Any CPU
		{7611601A-80E1-43FA-ADE0-4F25245DA724}.Debug|x64.ActiveCfg = Debug|Any CPU
		{7611601A-80E1-43FA-ADE0-4F25245DA724}.Debug|x64.Build.0 = Debug|Any CPU
		{7611601A-80E1-43FA-ADE0-4F25245DA724}.Debug|x86.ActiveCfg = Debug|Any CPU
		{7611601A-80E1-43FA-ADE0-4F25245DA724}.Debug|x86.Build.0 = Debug|Any CPU
		{7611601A-80E1-43FA-ADE0-4F25245DA724}.Release|Any CPU.ActiveCfg = Release|Any CPU
		{7611601A-80E1-43FA-ADE0-4F25245DA724}.Release|Any CPU.Build.0 = Release|Any CPU
		{7611601A-80E1-43FA-ADE0-4F25245DA724}.Release|ARM.ActiveCfg = Release|Any CPU
		{7611601A-80E1-43FA-ADE0-4F25245DA724}.Release|ARM.Build.0 = Release|Any CPU
		{7611601A-80E1-43FA-ADE0-4F25245DA724}.Release|x64.ActiveCfg = Release|Any CPU
		{7611601A-80E1-43FA-ADE0-4F25245DA724}.Release|x64.Build.0 = Release|Any CPU
		{7611601A-80E1-43FA-ADE0-4F25245DA724}.Release|x86.ActiveCfg = Release|Any CPU
		{7611601A-80E1-43FA-ADE0-4F25245DA724}.Release|x86.Build.0 = Release|Any CPU
		{3763062F-B096-4304-8F1E-147081C92BE9}.Debug|Any CPU.ActiveCfg = Debug|x86
		{3763062F-B096-4304-8F1E-147081C92BE9}.Debug|Any CPU.Build.0 = Debug|x86
		{3763062F-B096-4304-8F1E-147081C92BE9}.Debug|Any CPU.Deploy.0 = Debug|x86
		{3763062F-B096-4304-8F1E-147081C92BE9}.Debug|ARM.ActiveCfg = Debug|ARM
		{3763062F-B096-4304-8F1E-147081C92BE9}.Debug|ARM.Build.0 = Debug|ARM
		{3763062F-B096-4304-8F1E-147081C92BE9}.Debug|ARM.Deploy.0 = Debug|ARM
		{3763062F-B096-4304-8F1E-147081C92BE9}.Debug|x64.ActiveCfg = Debug|x64
		{3763062F-B096-4304-8F1E-147081C92BE9}.Debug|x64.Build.0 = Debug|x64
		{3763062F-B096-4304-8F1E-147081C92BE9}.Debug|x64.Deploy.0 = Debug|x64
		{3763062F-B096-4304-8F1E-147081C92BE9}.Debug|x86.ActiveCfg = Debug|x86
		{3763062F-B096-4304-8F1E-147081C92BE9}.Debug|x86.Build.0 = Debug|x86
		{3763062F-B096-4304-8F1E-147081C92BE9}.Debug|x86.Deploy.0 = Debug|x86
		{3763062F-B096-4304-8F1E-147081C92BE9}.Release|Any CPU.ActiveCfg = Release|x86
		{3763062F-B096-4304-8F1E-147081C92BE9}.Release|Any CPU.Build.0 = Release|x86
		{3763062F-B096-4304-8F1E-147081C92BE9}.Release|Any CPU.Deploy.0 = Release|x86
		{3763062F-B096-4304-8F1E-147081C92BE9}.Release|ARM.ActiveCfg = Release|ARM
		{3763062F-B096-4304-8F1E-147081C92BE9}.Release|ARM.Build.0 = Release|ARM
		{3763062F-B096-4304-8F1E-147081C92BE9}.Release|ARM.Deploy.0 = Release|ARM
		{3763062F-B096-4304-8F1E-147081C92BE9}.Release|x64.ActiveCfg = Release|x64
		{3763062F-B096-4304-8F1E-147081C92BE9}.Release|x64.Build.0 = Release|x64
		{3763062F-B096-4304-8F1E-147081C92BE9}.Release|x64.Deploy.0 = Release|x64
		{3763062F-B096-4304-8F1E-147081C92BE9}.Release|x86.ActiveCfg = Release|x86
		{3763062F-B096-4304-8F1E-147081C92BE9}.Release|x86.Build.0 = Release|x86
		{3763062F-B096-4304-8F1E-147081C92BE9}.Release|x86.Deploy.0 = Release|x86
		{41397028-0B7B-4EF3-92AB-C6E617CAEC5B}.Debug|Any CPU.ActiveCfg = Debug|Any CPU
		{41397028-0B7B-4EF3-92AB-C6E617CAEC5B}.Debug|Any CPU.Build.0 = Debug|Any CPU
		{41397028-0B7B-4EF3-92AB-C6E617CAEC5B}.Debug|ARM.ActiveCfg = Debug|Any CPU
		{41397028-0B7B-4EF3-92AB-C6E617CAEC5B}.Debug|ARM.Build.0 = Debug|Any CPU
		{41397028-0B7B-4EF3-92AB-C6E617CAEC5B}.Debug|x64.ActiveCfg = Debug|Any CPU
		{41397028-0B7B-4EF3-92AB-C6E617CAEC5B}.Debug|x64.Build.0 = Debug|Any CPU
		{41397028-0B7B-4EF3-92AB-C6E617CAEC5B}.Debug|x86.ActiveCfg = Debug|Any CPU
		{41397028-0B7B-4EF3-92AB-C6E617CAEC5B}.Debug|x86.Build.0 = Debug|Any CPU
		{41397028-0B7B-4EF3-92AB-C6E617CAEC5B}.Release|Any CPU.ActiveCfg = Release|Any CPU
		{41397028-0B7B-4EF3-92AB-C6E617CAEC5B}.Release|Any CPU.Build.0 = Release|Any CPU
		{41397028-0B7B-4EF3-92AB-C6E617CAEC5B}.Release|ARM.ActiveCfg = Release|Any CPU
		{41397028-0B7B-4EF3-92AB-C6E617CAEC5B}.Release|ARM.Build.0 = Release|Any CPU
		{41397028-0B7B-4EF3-92AB-C6E617CAEC5B}.Release|x64.ActiveCfg = Release|Any CPU
		{41397028-0B7B-4EF3-92AB-C6E617CAEC5B}.Release|x64.Build.0 = Release|Any CPU
		{41397028-0B7B-4EF3-92AB-C6E617CAEC5B}.Release|x86.ActiveCfg = Release|Any CPU
		{41397028-0B7B-4EF3-92AB-C6E617CAEC5B}.Release|x86.Build.0 = Release|Any CPU
	EndGlobalSection
	GlobalSection(SolutionProperties) = preSolution
		HideSolutionNode = FALSE
	EndGlobalSection
EndGlobal
